{
    "_meta": {
        "hash": {
            "sha256": "344b19f308cd5d1148e0dc9592bbcaf7ab8b479ef9b327af89fe6ba8a535892f"
        },
        "pipfile-spec": 6,
        "requires": {
            "python_version": "3.11"
        },
        "sources": [
            {
                "name": "pywheels",
                "url": "https://www.piwheels.org/simple",
                "verify_ssl": true
            }
        ]
    },
    "default": {
        "certifi": {
            "hashes": [
                "sha256:eecde191fb4bb57897876a77eecaeba263baf3424d4ace5b7ae124a57a85313d"
            ],
            "markers": "python_version >= '3.6'",
            "version": "==2024.2.2"
        },
        "charset-normalizer": {
            "hashes": [
                "sha256:7c3627434be5f9e083deea5193461b7b75bc51b47cecf0a7cacf66f34d3394bf"
            ],
            "markers": "python_full_version >= '3.7.0'",
            "version": "==3.3.2"
        },
        "deprecated": {
            "hashes": [
                "sha256:22513e7f038087202310f04b22bb7bdce49534ee32b820e7b6affb7bbe68f441"
            ],
            "markers": "python_version >= '2.7' and python_version not in '3.0, 3.1, 3.2, 3.3'",
            "version": "==1.1.5"
        },
        "idna": {
            "hashes": [
                "sha256:f1899a303d2ddadbfb9ec6fcd6682b77ed087e1ccf2c0a7face410ad0c4b9baa"
            ],
            "markers": "python_version >= '3.5'",
            "version": "==3.7"
        },
        "pygithub": {
            "hashes": [
                "sha256:87afd6a67ea582aa7533afdbf41635725f13d12581faed7e3e04b1579c0c0627"
            ],
            "index": "pywheels",
            "version": "==1.54.1"
        },
        "pyjwt": {
            "hashes": [
                "sha256:5aa10381085fb48e0c386ba055ae92cb7874b1a01f8741e57709f8da812ad7dc"
            ],
            "index": "pywheels",
            "markers": "python_version >= '3.6'",
            "version": "==2.4.0"
        },
        "python-dotenv": {
            "hashes": [
                "sha256:77de553b0a69689681b3108fe8430622631e78867971f00c59b318fe9e015e24",
                "sha256:e324ee90a023d808f1959c46bcbc04446a10ced277783dc6ee09987c37ec10ca",
                "sha256:f7b63ef50f1b690dddf550d03497b66d609393b40b564ed0d674909a68ebf16a"
            ],
            "index": "pywheels",
            "version": "==1.0.1"
        },
        "requests": {
            "hashes": [
                "sha256:70e1babeb399b647a2e35744248132d527f2c8b61241cdfe159cdf1ef3ca7423"
            ],
            "index": "pywheels",
            "markers": "python_version >= '3.8'",
            "version": "==2.32.0"
        },
        "urllib3": {
            "hashes": [
                "sha256:a385eb86c83085b639624289085253903a0ddc73f0a3e17c64d26965cd4970ce"
            ],
            "markers": "python_version >= '3.8'",
            "version": "==2.2.1"
        }
    },
    "develop": {
        "astroid": {
            "hashes": [
                "sha256:8b6501916903f6fa856760ff12178d0cb86687a84fdffec941d54c1df58c3a71",
                "sha256:951798f922990137ac090c53af473db7ab4e70c770e6d7fae0cec59f74411819",
                "sha256:ac248253bfa4bd924a0de213707e7ebeeb3138abeb48d798784ead1e56d419d4"
            ],
            "markers": "python_full_version >= '3.8.0'",
            "version": "==3.1.0"
        },
        "autopep8": {
            "hashes": [
                "sha256:1fa8964e4618929488f4ec36795c7ff12924a68b8bf01366c094fc52f770b6e7",
                "sha256:2bb76888c5edbcafe6aabab3c47ba534f5a2c2d245c2eddced4a30c4b4946357",
                "sha256:d3822ae2723ed13078aa04e730c1831b2452d671a7de4e5aa68fd07ad767f1c0"
            ],
            "index": "pywheels",
            "version": "==2.1.0"
        },
        "dill": {
            "hashes": [
                "sha256:3ebe3c479ad625c4553aca177444d89b486b1d84982eeacded644afc0cf797ca",
                "sha256:66471bcd78eccf94f71aee7839ec8891a9e14f84043c5832c8b35c2f3630e86a",
                "sha256:c36ca9ffb54365bdd2f8eb3eff7d2a21237f8452b57ace88b1ac615b7e815bd7"
            ],
            "markers": "python_version >= '3.11'",
            "version": "==0.3.8"
        },
        "isort": {
            "hashes": [
                "sha256:34a146c22c83acbd192a848e12a9b5e6bc14ef3d17f38fd5ad22a0b0488b87ba",
                "sha256:48fdfcb9face5d58a4f6dde2e72a1fb8dcaf8ab26f95ab49fab84c2ddefb0109",
                "sha256:8ca5e72a8d85860d5a3fa69b8745237f2939afe12dbf656afbcb47fe72d947a6"
            ],
            "markers": "python_full_version >= '3.8.0'",
            "version": "==5.13.2"
        },
        "mccabe": {
            "hashes": [
                "sha256:348e0240c33b60bbdf4e523192ef919f28cb2c3d7d5c7794f74009290f236325",
                "sha256:6c2d30ab6be0e4a46919781807b4f0d834ebdd6c6e3dca0bda5a15f863427b6e",
                "sha256:afd5dbbfbc7a5c66374ba2c14777063ec6fb2f0218bf1de55c65dbcf8a7f053d"
            ],
            "markers": "python_version >= '3.6'",
            "version": "==0.7.0"
        },
        "platformdirs": {
            "hashes": [
                "sha256:0614df2a2f37e1a662acbd8e2b25b92ccf8632929bc6d43467e17fe89c75e068",
                "sha256:ef0cc731df711022c174543cb70a9b5bd22e5a9337c8624ef2c2ceb8ddad8768"
            ],
            "markers": "python_version >= '3.8'",
            "version": "==4.2.0"
        },
        "pycodestyle": {
            "hashes": [
                "sha256:41ba0e7afc9752dfb53ced5489e89f8186be00e599e712660695b7a75ff2663f",
                "sha256:44fe31000b2d866f2e41841b18528a505fbd7fef9017b04eff4e2648a0fadc67",
                "sha256:ee547ed18c8e0a8af96be1242e679c0e6fcbcc271ae5e2e7ec0d67fa44526e8c"
            ],
            "markers": "python_version >= '3.8'",
            "version": "==2.11.1"
        },
        "pylint": {
            "hashes": [
                "sha256:507a5b60953874766d8a366e8e8c7af63e058b26345cfcb5f91f89d987fd6b74",
                "sha256:6a69beb4a6f63debebaab0a3477ecd0f559aa726af4954fc948c51f7a2549e23",
                "sha256:95f9e0012bafab0b16b32dd834f069f522b2ac6bc2f81d7767d8c9a534d81919"
            ],
            "index": "pywheels",
            "version": "==3.1.0"
        },
        "tomlkit": {
            "hashes": [
                "sha256:5cd82d48a3dd89dee1f9d64420aa20ae65cfbd00668d6f094d7578a78efbb77b",
                "sha256:7ca1cfc12232806517a8515047ba66a19369e71edf2439d0f5824f91032b6cc3"
            ],
            "markers": "python_version >= '3.7'",
            "version": "==0.12.4"
        }
    }
}
